// !$*UTF8*$!
{
	archiveVersion = 1;
	classes = {
	};
	objectVersion = 50;
	objects = {

/* Begin PBXBuildFile section */
		7124967425C4A3F30059FEE0 /* AppDelegate.swift in Sources */ = {isa = PBXBuildFile; fileRef = 7124967325C4A3F30059FEE0 /* AppDelegate.swift */; };
		7124967625C4A3F30059FEE0 /* SceneDelegate.swift in Sources */ = {isa = PBXBuildFile; fileRef = 7124967525C4A3F30059FEE0 /* SceneDelegate.swift */; };
		7124967825C4A3F30059FEE0 /* ViewController.swift in Sources */ = {isa = PBXBuildFile; fileRef = 7124967725C4A3F30059FEE0 /* ViewController.swift */; };
		7124967B25C4A3F30059FEE0 /* Main.storyboard in Resources */ = {isa = PBXBuildFile; fileRef = 7124967925C4A3F30059FEE0 /* Main.storyboard */; };
		7124967D25C4A3F60059FEE0 /* Assets.xcassets in Resources */ = {isa = PBXBuildFile; fileRef = 7124967C25C4A3F60059FEE0 /* Assets.xcassets */; };
		7124968025C4A3F60059FEE0 /* LaunchScreen.storyboard in Resources */ = {isa = PBXBuildFile; fileRef = 7124967E25C4A3F60059FEE0 /* LaunchScreen.storyboard */; };
		7124968B25C4BE6F0059FEE0 /* ViewController1.swift in Sources */ = {isa = PBXBuildFile; fileRef = 7124968A25C4BE6E0059FEE0 /* ViewController1.swift */; };
		71C59C7525CDF07A00A84248 /* TableViewCellItem_1.swift in Sources */ = {isa = PBXBuildFile; fileRef = 71C59C7325CDF07A00A84248 /* TableViewCellItem_1.swift */; };
		71C59C7625CDF07A00A84248 /* TableViewCellItem_1.xib in Resources */ = {isa = PBXBuildFile; fileRef = 71C59C7425CDF07A00A84248 /* TableViewCellItem_1.xib */; };
		71D877AD25C9B210006064F8 /* TableViewController1.swift in Sources */ = {isa = PBXBuildFile; fileRef = 71D877AC25C9B210006064F8 /* TableViewController1.swift */; };
		71DF9D1625CC509500AFCD78 /* TableViewController2.swift in Sources */ = {isa = PBXBuildFile; fileRef = 71DF9D1525CC509500AFCD78 /* TableViewController2.swift */; };
/* End PBXBuildFile section */

/* Begin PBXFileReference section */
		7124967025C4A3F30059FEE0 /* less_1_IOS.app */ = {isa = PBXFileReference; explicitFileType = wrapper.application; includeInIndex = 0; path = less_1_IOS.app; sourceTree = BUILT_PRODUCTS_DIR; };
		7124967325C4A3F30059FEE0 /* AppDelegate.swift */ = {isa = PBXFileReference; lastKnownFileType = sourcecode.swift; path = AppDelegate.swift; sourceTree = "<group>"; };
		7124967525C4A3F30059FEE0 /* SceneDelegate.swift */ = {isa = PBXFileReference; lastKnownFileType = sourcecode.swift; path = SceneDelegate.swift; sourceTree = "<group>"; };
		7124967725C4A3F30059FEE0 /* ViewController.swift */ = {isa = PBXFileReference; lastKnownFileType = sourcecode.swift; path = ViewController.swift; sourceTree = "<group>"; };
		7124967A25C4A3F30059FEE0 /* Base */ = {isa = PBXFileReference; lastKnownFileType = file.storyboard; name = Base; path = Base.lproj/Main.storyboard; sourceTree = "<group>"; };
		7124967C25C4A3F60059FEE0 /* Assets.xcassets */ = {isa = PBXFileReference; lastKnownFileType = folder.assetcatalog; path = Assets.xcassets; sourceTree = "<group>"; };
		7124967F25C4A3F60059FEE0 /* Base */ = {isa = PBXFileReference; lastKnownFileType = file.storyboard; name = Base; path = Base.lproj/LaunchScreen.storyboard; sourceTree = "<group>"; };
		7124968125C4A3F60059FEE0 /* Info.plist */ = {isa = PBXFileReference; lastKnownFileType = text.plist.xml; path = Info.plist; sourceTree = "<group>"; };
		7124968A25C4BE6E0059FEE0 /* ViewController1.swift */ = {isa = PBXFileReference; lastKnownFileType = sourcecode.swift; path = ViewController1.swift; sourceTree = "<group>"; };
		71C59C7325CDF07A00A84248 /* TableViewCellItem_1.swift */ = {isa = PBXFileReference; lastKnownFileType = sourcecode.swift; path = TableViewCellItem_1.swift; sourceTree = "<group>"; };
		71C59C7425CDF07A00A84248 /* TableViewCellItem_1.xib */ = {isa = PBXFileReference; lastKnownFileType = file.xib; path = TableViewCellItem_1.xib; sourceTree = "<group>"; };
		71D877AC25C9B210006064F8 /* TableViewController1.swift */ = {isa = PBXFileReference; lastKnownFileType = sourcecode.swift; path = TableViewController1.swift; sourceTree = "<group>"; };
		71DF9D1525CC509500AFCD78 /* TableViewController2.swift */ = {isa = PBXFileReference; lastKnownFileType = sourcecode.swift; path = TableViewController2.swift; sourceTree = "<group>"; };
/* End PBXFileReference section */

/* Begin PBXFrameworksBuildPhase section */
		7124966D25C4A3F30059FEE0 /* Frameworks */ = {
			isa = PBXFrameworksBuildPhase;
			buildActionMask = 2147483647;
			files = (
			);
			runOnlyForDeploymentPostprocessing = 0;
		};
/* End PBXFrameworksBuildPhase section */

/* Begin PBXGroup section */
		7124966725C4A3F30059FEE0 = {
			isa = PBXGroup;
			children = (
				7124967225C4A3F30059FEE0 /* less_1_IOS */,
				7124967125C4A3F30059FEE0 /* Products */,
			);
			sourceTree = "<group>";
		};
		7124967125C4A3F30059FEE0 /* Products */ = {
			isa = PBXGroup;
			children = (
				7124967025C4A3F30059FEE0 /* less_1_IOS.app */,
			);
			name = Products;
			sourceTree = "<group>";
		};
		7124967225C4A3F30059FEE0 /* less_1_IOS */ = {
			isa = PBXGroup;
			children = (
				7124967325C4A3F30059FEE0 /* AppDelegate.swift */,
				7124967525C4A3F30059FEE0 /* SceneDelegate.swift */,
				7124967725C4A3F30059FEE0 /* ViewController.swift */,
				7124967925C4A3F30059FEE0 /* Main.storyboard */,
				7124967C25C4A3F60059FEE0 /* Assets.xcassets */,
				7124967E25C4A3F60059FEE0 /* LaunchScreen.storyboard */,
				7124968125C4A3F60059FEE0 /* Info.plist */,
				7124968A25C4BE6E0059FEE0 /* ViewController1.swift */,
				71D877AC25C9B210006064F8 /* TableViewController1.swift */,
				71DF9D1525CC509500AFCD78 /* TableViewController2.swift */,
				71C59C7325CDF07A00A84248 /* TableViewCellItem_1.swift */,
				71C59C7425CDF07A00A84248 /* TableViewCellItem_1.xib */,
			);
			path = less_1_IOS;
			sourceTree = "<group>";
		};
/* End PBXGroup section */

/* Begin PBXNativeTarget section */
		7124966F25C4A3F30059FEE0 /* less_1_IOS */ = {
			isa = PBXNativeTarget;
			buildConfigurationList = 7124968425C4A3F60059FEE0 /* Build configuration list for PBXNativeTarget "less_1_IOS" */;
			buildPhases = (
				7124966C25C4A3F30059FEE0 /* Sources */,
				7124966D25C4A3F30059FEE0 /* Frameworks */,
				7124966E25C4A3F30059FEE0 /* Resources */,
			);
			buildRules = (
			);
			dependencies = (
			);
			name = less_1_IOS;
			productName = less_1_IOS;
			productReference = 7124967025C4A3F30059FEE0 /* less_1_IOS.app */;
			productType = "com.apple.product-type.application";
		};
/* End PBXNativeTarget section */

/* Begin PBXProject section */
		7124966825C4A3F30059FEE0 /* Project object */ = {
			isa = PBXProject;
			attributes = {
				LastSwiftUpdateCheck = 1230;
				LastUpgradeCheck = 1230;
				TargetAttributes = {
					7124966F25C4A3F30059FEE0 = {
						CreatedOnToolsVersion = 12.3;
					};
				};
			};
			buildConfigurationList = 7124966B25C4A3F30059FEE0 /* Build configuration list for PBXProject "less_1_IOS" */;
			compatibilityVersion = "Xcode 9.3";
			developmentRegion = en;
			hasScannedForEncodings = 0;
			knownRegions = (
				en,
				Base,
			);
			mainGroup = 7124966725C4A3F30059FEE0;
			productRefGroup = 7124967125C4A3F30059FEE0 /* Products */;
			projectDirPath = "";
			projectRoot = "";
			targets = (
				7124966F25C4A3F30059FEE0 /* less_1_IOS */,
			);
		};
/* End PBXProject section */

/* Begin PBXResourcesBuildPhase section */
		7124966E25C4A3F30059FEE0 /* Resources */ = {
			isa = PBXResourcesBuildPhase;
			buildActionMask = 2147483647;
			files = (
				7124968025C4A3F60059FEE0 /* LaunchScreen.storyboard in Resources */,
				7124967D25C4A3F60059FEE0 /* Assets.xcassets in Resources */,
				71C59C7625CDF07A00A84248 /* TableViewCellItem_1.xib in Resources */,
				7124967B25C4A3F30059FEE0 /* Main.storyboard in Resources */,
			);
			runOnlyForDeploymentPostprocessing = 0;
		};
/* End PBXResourcesBuildPhase section */

/* Begin PBXSourcesBuildPhase section */
		7124966C25C4A3F30059FEE0 /* Sources */ = {
			isa = PBXSourcesBuildPhase;
			buildActionMask = 2147483647;
			files = (
				7124968B25C4BE6F0059FEE0 /* ViewController1.swift in Sources */,
				7124967825C4A3F30059FEE0 /* ViewController.swift in Sources */,
				71C59C7525CDF07A00A84248 /* TableViewCellItem_1.swift in Sources */,
				71DF9D1625CC509500AFCD78 /* TableViewController2.swift in Sources */,
				71D877AD25C9B210006064F8 /* TableViewController1.swift in Sources */,
				7124967425C4A3F30059FEE0 /* AppDelegate.swift in Sources */,
				7124967625C4A3F30059FEE0 /* SceneDelegate.swift in Sources */,
			);
			runOnlyForDeploymentPostprocessing = 0;
		};
/* End PBXSourcesBuildPhase section */

/* Begin PBXVariantGroup section */
		7124967925C4A3F30059FEE0 /* Main.storyboard */ = {
			isa = PBXVariantGroup;
			children = (
				7124967A25C4A3F30059FEE0 /* Base */,
			);
			name = Main.storyboard;
			sourceTree = "<group>";
		};
		7124967E25C4A3F60059FEE0 /* LaunchScreen.storyboard */ = {
			isa = PBXVariantGroup;
			children = (
				7124967F25C4A3F60059FEE0 /* Base */,
			);
			name = LaunchScreen.storyboard;
			sourceTree = "<group>";
		};
/* End PBXVariantGroup section */

/* Begin XCBuildConfiguration section */
		7124968225C4A3F60059FEE0 /* Debug */ = {
			isa = XCBuildConfiguration;
			buildSettings = {
				ALWAYS_SEARCH_USER_PATHS = NO;
				CLANG_ANALYZER_NONNULL = YES;
				CLANG_ANALYZER_NUMBER_OBJECT_CONVERSION = YES_AGGRESSIVE;
				CLANG_CXX_LANGUAGE_STANDARD = "gnu++14";
				CLANG_CXX_LIBRARY = "libc++";
				CLANG_ENABLE_MODULES = YES;
				CLANG_ENABLE_OBJC_ARC = YES;
				CLANG_ENABLE_OBJC_WEAK = YES;
				CLANG_WARN_BLOCK_CAPTURE_AUTORELEASING = YES;
				CLANG_WARN_BOOL_CONVERSION = YES;
				CLANG_WARN_COMMA = YES;
				CLANG_WARN_CONSTANT_CONVERSION = YES;
				CLANG_WARN_DEPRECATED_OBJC_IMPLEMENTATIONS = YES;
				CLANG_WARN_DIRECT_OBJC_ISA_USAGE = YES_ERROR;
				CLANG_WARN_DOCUMENTATION_COMMENTS = YES;
				CLANG_WARN_EMPTY_BODY = YES;
				CLANG_WARN_ENUM_CONVERSION = YES;
				CLANG_WARN_INFINITE_RECURSION = YES;
				CLANG_WARN_INT_CONVERSION = YES;
				CLANG_WARN_NON_LITERAL_NULL_CONVERSION = YES;
				CLANG_WARN_OBJC_IMPLICIT_RETAIN_SELF = YES;
				CLANG_WARN_OBJC_LITERAL_CONVERSION = YES;
				CLANG_WARN_OBJC_ROOT_CLASS = YES_ERROR;
				CLANG_WARN_QUOTED_INCLUDE_IN_FRAMEWORK_HEADER = YES;
				CLANG_WARN_RANGE_LOOP_ANALYSIS = YES;
				CLANG_WARN_STRICT_PROTOTYPES = YES;
				CLANG_WARN_SUSPICIOUS_MOVE = YES;
				CLANG_WARN_UNGUARDED_AVAILABILITY = YES_AGGRESSIVE;
				CLANG_WARN_UNREACHABLE_CODE = YES;
				CLANG_WARN__DUPLICATE_METHOD_MATCH = YES;
				COPY_PHASE_STRIP = NO;
				DEBUG_INFORMATION_FORMAT = dwarf;
				ENABLE_STRICT_OBJC_MSGSEND = YES;
				ENABLE_TESTABILITY = YES;
				GCC_C_LANGUAGE_STANDARD = gnu11;
				GCC_DYNAMIC_NO_PIC = NO;
				GCC_NO_COMMON_BLOCKS = YES;
				GCC_OPTIMIZATION_LEVEL = 0;
				GCC_PREPROCESSOR_DEFINITIONS = (
					"DEBUG=1",
					"$(inherited)",
				);
				GCC_WARN_64_TO_32_BIT_CONVERSION = YES;
				GCC_WARN_ABOUT_RETURN_TYPE = YES_ERROR;
				GCC_WARN_UNDECLARED_SELECTOR = YES;
				GCC_WARN_UNINITIALIZED_AUTOS = YES_AGGRESSIVE;
				GCC_WARN_UNUSED_FUNCTION = YES;
				GCC_WARN_UNUSED_VARIABLE = YES;
				IPHONEOS_DEPLOYMENT_TARGET = 14.3;
				MTL_ENABLE_DEBUG_INFO = INCLUDE_SOURCE;
				MTL_FAST_MATH = YES;
				ONLY_ACTIVE_ARCH = YES;
				SDKROOT = iphoneos;
				SWIFT_ACTIVE_COMPILATION_CONDITIONS = DEBUG;
				SWIFT_OPTIMIZATION_LEVEL = "-Onone";
			};
			name = Debug;
		};
		7124968325C4A3F60059FEE0 /* Release */ = {
			isa = XCBuildConfiguration;
			buildSettings = {
				ALWAYS_SEARCH_USER_PATHS = NO;
				CLANG_ANALYZER_NONNULL = YES;
				CLANG_ANALYZER_NUMBER_OBJECT_CONVERSION = YES_AGGRESSIVE;
				CLANG_CXX_LANGUAGE_STANDARD = "gnu++14";
				CLANG_CXX_LIBRARY = "libc++";
				CLANG_ENABLE_MODULES = YES;
				CLANG_ENABLE_OBJC_ARC = YES;
				CLANG_ENABLE_OBJC_WEAK = YES;
				CLANG_WARN_BLOCK_CAPTURE_AUTORELEASING = YES;
				CLANG_WARN_BOOL_CONVERSION = YES;
				CLANG_WARN_COMMA = YES;
				CLANG_WARN_CONSTANT_CONVERSION = YES;
				CLANG_WARN_DEPRECATED_OBJC_IMPLEMENTATIONS = YES;
				CLANG_WARN_DIRECT_OBJC_ISA_USAGE = YES_ERROR;
				CLANG_WARN_DOCUMENTATION_COMMENTS = YES;
				CLANG_WARN_EMPTY_BODY = YES;
				CLANG_WARN_ENUM_CONVERSION = YES;
				CLANG_WARN_INFINITE_RECURSION = YES;
				CLANG_WARN_INT_CONVERSION = YES;
				CLANG_WARN_NON_LITERAL_NULL_CONVERSION = YES;
				CLANG_WARN_OBJC_IMPLICIT_RETAIN_SELF = YES;
				CLANG_WARN_OBJC_LITERAL_CONVERSION = YES;
				CLANG_WARN_OBJC_ROOT_CLASS = YES_ERROR;
				CLANG_WARN_QUOTED_INCLUDE_IN_FRAMEWORK_HEADER = YES;
				CLANG_WARN_RANGE_LOOP_ANALYSIS = YES;
				CLANG_WARN_STRICT_PROTOTYPES = YES;
				CLANG_WARN_SUSPICIOUS_MOVE = YES;
				CLANG_WARN_UNGUARDED_AVAILABILITY = YES_AGGRESSIVE;
				CLANG_WARN_UNREACHABLE_CODE = YES;
				CLANG_WARN__DUPLICATE_METHOD_MATCH = YES;
				COPY_PHASE_STRIP = NO;
				DEBUG_INFORMATION_FORMAT = "dwarf-with-dsym";
				ENABLE_NS_ASSERTIONS = NO;
				ENABLE_STRICT_OBJC_MSGSEND = YES;
				GCC_C_LANGUAGE_STANDARD = gnu11;
				GCC_NO_COMMON_BLOCKS = YES;
				GCC_WARN_64_TO_32_BIT_CONVERSION = YES;
				GCC_WARN_ABOUT_RETURN_TYPE = YES_ERROR;
				GCC_WARN_UNDECLARED_SELECTOR = YES;
				GCC_WARN_UNINITIALIZED_AUTOS = YES_AGGRESSIVE;
				GCC_WARN_UNUSED_FUNCTION = YES;
				GCC_WARN_UNUSED_VARIABLE = YES;
				IPHONEOS_DEPLOYMENT_TARGET = 14.3;
				MTL_ENABLE_DEBUG_INFO = NO;
				MTL_FAST_MATH = YES;
				SDKROOT = iphoneos;
				SWIFT_COMPILATION_MODE = wholemodule;
				SWIFT_OPTIMIZATION_LEVEL = "-O";
				VALIDATE_PRODUCT = YES;
			};
			name = Release;
		};
		7124968525C4A3F60059FEE0 /* Debug */ = {
			isa = XCBuildConfiguration;
			buildSettings = {
				ASSETCATALOG_COMPILER_APPICON_NAME = AppIcon;
				ASSETCATALOG_COMPILER_GLOBAL_ACCENT_COLOR_NAME = AccentColor;
				CODE_SIGN_STYLE = Automatic;
				INFOPLIST_FILE = less_1_IOS/Info.plist;
				IPHONEOS_DEPLOYMENT_TARGET = 13.0;
				LD_RUNPATH_SEARCH_PATHS = (
					"$(inherited)",
					"@executable_path/Frameworks",
				);
				PRODUCT_BUNDLE_IDENTIFIER = "GB-SwiftLessons.less-1-IOS";
				PRODUCT_NAME = "$(TARGET_NAME)";
				SWIFT_VERSION = 5.0;
				TARGETED_DEVICE_FAMILY = "1,2";
			};
			name = Debug;
		};
		7124968625C4A3F60059FEE0 /* Release */ = {
			isa = XCBuildConfiguration;
			buildSettings = {
				ASSETCATALOG_COMPILER_APPICON_NAME = AppIcon;
				ASSETCATALOG_COMPILER_GLOBAL_ACCENT_COLOR_NAME = AccentColor;
				CODE_SIGN_STYLE = Automatic;
				INFOPLIST_FILE = less_1_IOS/Info.plist;
				IPHONEOS_DEPLOYMENT_TARGET = 13.0;
				LD_RUNPATH_SEARCH_PATHS = (
					"$(inherited)",
					"@executable_path/Frameworks",
				);
				PRODUCT_BUNDLE_IDENTIFIER = "GB-SwiftLessons.less-1-IOS";
				PRODUCT_NAME = "$(TARGET_NAME)";
				SWIFT_VERSION = 5.0;
				TARGETED_DEVICE_FAMILY = "1,2";
			};
			name = Release;
		};
/* End XCBuildConfiguration section */

/* Begin XCConfigurationList section */
		7124966B25C4A3F30059FEE0 /* Build configuration list for PBXProject "less_1_IOS" */ = {
			isa = XCConfigurationList;
			buildConfigurations = (
				7124968225C4A3F60059FEE0 /* Debug */,
				7124968325C4A3F60059FEE0 /* Release */,
			);
			defaultConfigurationIsVisible = 0;
			defaultConfigurationName = Release;
		};
		7124968425C4A3F60059FEE0 /* Build configuration list for PBXNativeTarget "less_1_IOS" */ = {
			isa = XCConfigurationList;
			buildConfigurations = (
				7124968525C4A3F60059FEE0 /* Debug */,
				7124968625C4A3F60059FEE0 /* Release */,
			);
			defaultConfigurationIsVisible = 0;
			defaultConfigurationName = Release;
		};
/* End XCConfigurationList section */
	};
	rootObject = 7124966825C4A3F30059FEE0 /* Project object */;
}
